
Microsoft Visual Studio Solution File, Format Version 12.00
# Visual Studio Version 17
VisualStudioVersion = 17.0.31611.283
MinimumVisualStudioVersion = 10.0.40219.1
Project("{9A19103F-16F7-4668-BE54-9A1E7A4F7556}") = "MauiAppSample", "MauiAppSample\MauiAppSample.csproj", "{844AE3C5-FFCC-473C-9BD4-9FFB45D93A8E}"
EndProject
Project("{FAE04EC0-301F-11D3-BF4B-00C04F79EFBC}") = "MauiAppSample.Core", "MauiAppSample.Core\MauiAppSample.Core.csproj", "{0CB3DBF3-CFFF-4638-A4AE-CC6C59FB976C}"
EndProject
Global
	GlobalSection(SolutionConfigurationPlatforms) = preSolution
		Debug|Any CPU = Debug|Any CPU
		Release|Any CPU = Release|Any CPU
	EndGlobalSection
	GlobalSection(ProjectConfigurationPlatforms) = postSolution
		{844AE3C5-FFCC-473C-9BD4-9FFB45D93A8E}.Debug|Any CPU.ActiveCfg = Debug|Any CPU
		{844AE3C5-FFCC-473C-9BD4-9FFB45D93A8E}.Debug|Any CPU.Build.0 = Debug|Any CPU
		{844AE3C5-FFCC-473C-9BD4-9FFB45D93A8E}.Debug|Any CPU.Deploy.0 = Debug|Any CPU
		{844AE3C5-FFCC-473C-9BD4-9FFB45D93A8E}.Release|Any CPU.ActiveCfg = Release|Any CPU
		{844AE3C5-FFCC-473C-9BD4-9FFB45D93A8E}.Release|Any CPU.Build.0 = Release|Any CPU
		{844AE3C5-FFCC-473C-9BD4-9FFB45D93A8E}.Release|Any CPU.Deploy.0 = Release|Any CPU
		{0CB3DBF3-CFFF-4638-A4AE-CC6C59FB976C}.Debug|Any CPU.ActiveCfg = Debug|Any CPU
		{0CB3DBF3-CFFF-4638-A4AE-CC6C59FB976C}.Debug|Any CPU.Build.0 = Debug|Any CPU
		{0CB3DBF3-CFFF-4638-A4AE-CC6C59FB976C}.Release|Any CPU.ActiveCfg = Release|Any CPU
		{0CB3DBF3-CFFF-4638-A4AE-CC6C59FB976C}.Release|Any CPU.Build.0 = Release|Any CPU
	EndGlobalSection
	GlobalSection(SolutionProperties) = preSolution
		HideSolutionNode = FALSE
	EndGlobalSection
	GlobalSection(ExtensibilityGlobals) = postSolution
		SolutionGuid = {61F7FB11-1E47-470C-91E2-47F8143E1572}
	EndGlobalSection
EndGlobal
